
Microsoft Visual Studio Solution File, Format Version 12.00
# Visual Studio 14
VisualStudioVersion = 14.0.24720.0
MinimumVisualStudioVersion = 10.0.40219.1
Project("{FAE04EC0-301F-11D3-BF4B-00C04F79EFBC}") = "OGLTest", "OGLTest\OGLTest.csproj", "{39B10EA1-34B8-43C0-BB44-6DF3207483B2}"
EndProject
Project("{FAE04EC0-301F-11D3-BF4B-00C04F79EFBC}") = "MdxLib", "lib\MdxLib\MdxLib.csproj", "{75CA8C85-8AF0-496E-A434-2CAD498312D0}"
EndProject
Global
	GlobalSection(SolutionConfigurationPlatforms) = preSolution
		Debug|Any CPU = Debug|Any CPU
		Documentation|Any CPU = Documentation|Any CPU
		Nsis|Any CPU = Nsis|Any CPU
		Release|Any CPU = Release|Any CPU
	EndGlobalSection
	GlobalSection(ProjectConfigurationPlatforms) = postSolution
		{39B10EA1-34B8-43C0-BB44-6DF3207483B2}.Debug|Any CPU.ActiveCfg = Debug|Any CPU
		{39B10EA1-34B8-43C0-BB44-6DF3207483B2}.Debug|Any CPU.Build.0 = Debug|Any CPU
		{39B10EA1-34B8-43C0-BB44-6DF3207483B2}.Documentation|Any CPU.ActiveCfg = Debug|Any CPU
		{39B10EA1-34B8-43C0-BB44-6DF3207483B2}.Documentation|Any CPU.Build.0 = Debug|Any CPU
		{39B10EA1-34B8-43C0-BB44-6DF3207483B2}.Nsis|Any CPU.ActiveCfg = Release|Any CPU
		{39B10EA1-34B8-43C0-BB44-6DF3207483B2}.Nsis|Any CPU.Build.0 = Release|Any CPU
		{39B10EA1-34B8-43C0-BB44-6DF3207483B2}.Release|Any CPU.ActiveCfg = Release|Any CPU
		{39B10EA1-34B8-43C0-BB44-6DF3207483B2}.Release|Any CPU.Build.0 = Release|Any CPU
		{75CA8C85-8AF0-496E-A434-2CAD498312D0}.Debug|Any CPU.ActiveCfg = Debug|Any CPU
		{75CA8C85-8AF0-496E-A434-2CAD498312D0}.Debug|Any CPU.Build.0 = Debug|Any CPU
		{75CA8C85-8AF0-496E-A434-2CAD498312D0}.Documentation|Any CPU.ActiveCfg = Debug|Any CPU
		{75CA8C85-8AF0-496E-A434-2CAD498312D0}.Documentation|Any CPU.Build.0 = Debug|Any CPU
		{75CA8C85-8AF0-496E-A434-2CAD498312D0}.Nsis|Any CPU.ActiveCfg = Release|Any CPU
		{75CA8C85-8AF0-496E-A434-2CAD498312D0}.Nsis|Any CPU.Build.0 = Release|Any CPU
		{75CA8C85-8AF0-496E-A434-2CAD498312D0}.Release|Any CPU.ActiveCfg = Release|Any CPU
		{75CA8C85-8AF0-496E-A434-2CAD498312D0}.Release|Any CPU.Build.0 = Release|Any CPU
	EndGlobalSection
	GlobalSection(SolutionProperties) = preSolution
		HideSolutionNode = FALSE
	EndGlobalSection
	GlobalSection(TeamFoundationVersionControl) = preSolution
		SccNumberOfProjects = 3
		SccEnterpriseProvider = {4CA58AB2-18FA-4F8D-95D4-32DDF27D184C}
		SccTeamFoundationServer = https://evilkos.visualstudio.com/defaultcollection
		SccLocalPath0 = .
		SccProjectUniqueName1 = lib\\MdxLib\\MdxLib.csproj
		SccProjectName1 = lib/MdxLib
		SccLocalPath1 = lib\\MdxLib
		SccProjectUniqueName2 = OGLTest\\OGLTest.csproj
		SccProjectName2 = OGLTest
		SccLocalPath2 = OGLTest
	EndGlobalSection
EndGlobal
